
Microsoft Visual Studio Solution File, Format Version 12.00
# Visual Studio Version 17
VisualStudioVersion = 17.14.36623.8 d17.14
MinimumVisualStudioVersion = 10.0.40219.1
Project("{FAE04EC0-301F-11D3-BF4B-00C04F79EFBC}") = "QuanLyBanHang.UI", "QuanLyBanHang.UI.csproj", "{70E83913-B280-44B5-84F7-F53F4BE0C789}"
EndProject
Project("{FAE04EC0-301F-11D3-BF4B-00C04F79EFBC}") = "QuanLyBanHang.BLL", "..\QuanLyBanHang.BLL\QuanLyBanHang.BLL.csproj", "{45069E77-BC30-4518-BF86-6DB72CB2301A}"
EndProject
Project("{FAE04EC0-301F-11D3-BF4B-00C04F79EFBC}") = "QuanLyBanHang.Entities", "..\QuanLyBanHang.Entities\QuanLyBanHang.Entities.csproj", "{42DC5EFD-1E4C-4C68-A372-52E1285143DE}"
EndProject
Project("{FAE04EC0-301F-11D3-BF4B-00C04F79EFBC}") = "QuanLyBanHang.DAL", "..\QuanLyBanHang.DAL\QuanLyBanHang.DAL.csproj", "{E9FC776E-7690-4559-9762-6AD6127D98F3}"
EndProject
Global
	GlobalSection(SolutionConfigurationPlatforms) = preSolution
		Debug|Any CPU = Debug|Any CPU
		Release|Any CPU = Release|Any CPU
	EndGlobalSection
	GlobalSection(ProjectConfigurationPlatforms) = postSolution
		{70E83913-B280-44B5-84F7-F53F4BE0C789}.Debug|Any CPU.ActiveCfg = Debug|Any CPU
		{70E83913-B280-44B5-84F7-F53F4BE0C789}.Debug|Any CPU.Build.0 = Debug|Any CPU
		{70E83913-B280-44B5-84F7-F53F4BE0C789}.Release|Any CPU.ActiveCfg = Release|Any CPU
		{70E83913-B280-44B5-84F7-F53F4BE0C789}.Release|Any CPU.Build.0 = Release|Any CPU
		{45069E77-BC30-4518-BF86-6DB72CB2301A}.Debug|Any CPU.ActiveCfg = Debug|Any CPU
		{45069E77-BC30-4518-BF86-6DB72CB2301A}.Debug|Any CPU.Build.0 = Debug|Any CPU
		{45069E77-BC30-4518-BF86-6DB72CB2301A}.Release|Any CPU.ActiveCfg = Release|Any CPU
		{45069E77-BC30-4518-BF86-6DB72CB2301A}.Release|Any CPU.Build.0 = Release|Any CPU
		{42DC5EFD-1E4C-4C68-A372-52E1285143DE}.Debug|Any CPU.ActiveCfg = Debug|Any CPU
		{42DC5EFD-1E4C-4C68-A372-52E1285143DE}.Debug|Any CPU.Build.0 = Debug|Any CPU
		{42DC5EFD-1E4C-4C68-A372-52E1285143DE}.Release|Any CPU.ActiveCfg = Release|Any CPU
		{42DC5EFD-1E4C-4C68-A372-52E1285143DE}.Release|Any CPU.Build.0 = Release|Any CPU
		{E9FC776E-7690-4559-9762-6AD6127D98F3}.Debug|Any CPU.ActiveCfg = Debug|Any CPU
		{E9FC776E-7690-4559-9762-6AD6127D98F3}.Debug|Any CPU.Build.0 = Debug|Any CPU
		{E9FC776E-7690-4559-9762-6AD6127D98F3}.Release|Any CPU.ActiveCfg = Release|Any CPU
		{E9FC776E-7690-4559-9762-6AD6127D98F3}.Release|Any CPU.Build.0 = Release|Any CPU
	EndGlobalSection
	GlobalSection(SolutionProperties) = preSolution
		HideSolutionNode = FALSE
	EndGlobalSection
	GlobalSection(ExtensibilityGlobals) = postSolution
		SolutionGuid = {BBFF5905-8168-4F18-9335-5A3473B6594F}
	EndGlobalSection
EndGlobal
